{
  "nodes": {
    "home-manager": {
      "inputs": {
        "nixpkgs": [
          "nixpkgs"
        ]
      },
      "locked": {
        "lastModified": 1778921576,
        "narHash": "sha256-jgIbBcGgKTtkp+lBas29hNFUU1t5O/2+GFvUjbiG0vM=",
        "owner": "nix-community",
        "repo": "home-manager",
        "rev": "32b42d71b4b22c4465963285bb6e462d7c93d45e",
        "type": "github"
      },
      "original": {
        "owner": "nix-community",
        "repo": "home-manager",
        "type": "github"
      }
    },
    "nixos-hardware": {
      "locked": {
        "lastModified": 1778924461,
        "narHash": "sha256-pDGhSCz+QxjHzP9gqYpK59k4Z1ZpVyYjzBgoXLFXh9s=",
        "owner": "nixos",
        "repo": "nixos-hardware",
        "rev": "65a5c8f9c19d5f9d1b06d8942b04d790414ccfdd",
        "type": "github"
      },
      "original": {
        "owner": "nixos",
        "repo": "nixos-hardware",
        "type": "github"
      }
    },
    "nixpkgs": {
      "locked": {
        "lastModified": 1778443072,
        "narHash": "sha256-zi7/fsqM/kFdNuED//4WOCUtezGtKKqRNORjMvfwjnA=",
        "owner": "NixOS",
        "repo": "nixpkgs",
        "rev": "da5ad661ba4e5ef59ba743f0d112cbc30e474f32",
        "type": "github"
      },
      "original": {
        "owner": "NixOS",
        "ref": "nixos-unstable",
        "repo": "nixpkgs",
        "type": "github"
      }
    },
    "root": {
      "inputs": {
        "home-manager": "home-manager",
        "nixos-hardware": "nixos-hardware",
        "nixpkgs": "nixpkgs"
      }
    }
  },
  "root": "root",
  "version": 7
}
